
Microsoft Visual Studio Solution File, Format Version 12.00
# Visual Studio Version 16
VisualStudioVersion = 16.0.31729.503
MinimumVisualStudioVersion = 10.0.40219.1
Project("{2150E333-8FDC-42A3-9474-1A3956D46DE8}") = "Services", "Services", "{A2CAAFDC-7CBA-40C1-9C3A-AB431F829174}"
EndProject
Project("{2150E333-8FDC-42A3-9474-1A3956D46DE8}") = "WebApps", "WebApps", "{16F287FB-E448-4952-836C-2EF801101F3D}"
EndProject
Project("{2150E333-8FDC-42A3-9474-1A3956D46DE8}") = "Cadastros", "Cadastros", "{04CC6146-8597-452A-9CEC-73B72449FCEF}"
EndProject
Project("{2150E333-8FDC-42A3-9474-1A3956D46DE8}") = "Catalog", "Catalog", "{A6F38C22-3A07-40E7-91ED-E57D2ABF2AA8}"
EndProject
Project("{2150E333-8FDC-42A3-9474-1A3956D46DE8}") = "Core", "Core", "{609E8F7E-C178-40A0-83F9-5293B52A8FE8}"
EndProject
Project("{2150E333-8FDC-42A3-9474-1A3956D46DE8}") = "Fiscal", "Fiscal", "{6ABD72D8-03E8-49F5-9389-6AD5822CC99E}"
EndProject
Project("{2150E333-8FDC-42A3-9474-1A3956D46DE8}") = "Pagamentos", "Pagamentos", "{26F316B8-C21B-431B-ACDB-6CEC09ACEB34}"
EndProject
Project("{2150E333-8FDC-42A3-9474-1A3956D46DE8}") = "Vendas", "Vendas", "{1E1ABEA7-F6DC-495C-AF7B-A6C52596A954}"
EndProject
Project("{FAE04EC0-301F-11D3-BF4B-00C04F79EFBC}") = "NerdStore.Catalog.Domain", "src\NerdStore.Catalog.Domain\NerdStore.Catalog.Domain.csproj", "{BC41A206-2849-4CEE-83AB-72E5794155D8}"
EndProject
Project("{FAE04EC0-301F-11D3-BF4B-00C04F79EFBC}") = "NerdStore.Core", "src\NerdStore.Core\NerdStore.Core.csproj", "{B43F0ADE-7255-420C-9B8F-5E5AC4B7A0B2}"
EndProject
Global
	GlobalSection(SolutionConfigurationPlatforms) = preSolution
		Debug|Any CPU = Debug|Any CPU
		Release|Any CPU = Release|Any CPU
	EndGlobalSection
	GlobalSection(ProjectConfigurationPlatforms) = postSolution
		{BC41A206-2849-4CEE-83AB-72E5794155D8}.Debug|Any CPU.ActiveCfg = Debug|Any CPU
		{BC41A206-2849-4CEE-83AB-72E5794155D8}.Debug|Any CPU.Build.0 = Debug|Any CPU
		{BC41A206-2849-4CEE-83AB-72E5794155D8}.Release|Any CPU.ActiveCfg = Release|Any CPU
		{BC41A206-2849-4CEE-83AB-72E5794155D8}.Release|Any CPU.Build.0 = Release|Any CPU
		{B43F0ADE-7255-420C-9B8F-5E5AC4B7A0B2}.Debug|Any CPU.ActiveCfg = Debug|Any CPU
		{B43F0ADE-7255-420C-9B8F-5E5AC4B7A0B2}.Debug|Any CPU.Build.0 = Debug|Any CPU
		{B43F0ADE-7255-420C-9B8F-5E5AC4B7A0B2}.Release|Any CPU.ActiveCfg = Release|Any CPU
		{B43F0ADE-7255-420C-9B8F-5E5AC4B7A0B2}.Release|Any CPU.Build.0 = Release|Any CPU
	EndGlobalSection
	GlobalSection(SolutionProperties) = preSolution
		HideSolutionNode = FALSE
	EndGlobalSection
	GlobalSection(NestedProjects) = preSolution
		{04CC6146-8597-452A-9CEC-73B72449FCEF} = {A2CAAFDC-7CBA-40C1-9C3A-AB431F829174}
		{A6F38C22-3A07-40E7-91ED-E57D2ABF2AA8} = {A2CAAFDC-7CBA-40C1-9C3A-AB431F829174}
		{609E8F7E-C178-40A0-83F9-5293B52A8FE8} = {A2CAAFDC-7CBA-40C1-9C3A-AB431F829174}
		{6ABD72D8-03E8-49F5-9389-6AD5822CC99E} = {A2CAAFDC-7CBA-40C1-9C3A-AB431F829174}
		{26F316B8-C21B-431B-ACDB-6CEC09ACEB34} = {A2CAAFDC-7CBA-40C1-9C3A-AB431F829174}
		{1E1ABEA7-F6DC-495C-AF7B-A6C52596A954} = {A2CAAFDC-7CBA-40C1-9C3A-AB431F829174}
		{BC41A206-2849-4CEE-83AB-72E5794155D8} = {A6F38C22-3A07-40E7-91ED-E57D2ABF2AA8}
		{B43F0ADE-7255-420C-9B8F-5E5AC4B7A0B2} = {609E8F7E-C178-40A0-83F9-5293B52A8FE8}
	EndGlobalSection
	GlobalSection(ExtensibilityGlobals) = postSolution
		SolutionGuid = {FE1F534A-ED04-4FAD-99C8-8ACA76E4FB20}
	EndGlobalSection
EndGlobal
